
Microsoft Visual Studio Solution File, Format Version 12.00
# Visual Studio Version 16
VisualStudioVersion = 16.0.31424.327
MinimumVisualStudioVersion = 10.0.40219.1
Project("{FAE04EC0-301F-11D3-BF4B-00C04F79EFBC}") = "QueuePrior", "QueuePrior\QueuePrior.csproj", "{DFDA2EAB-B42D-4C3B-B116-96E768EFB124}"
EndProject
Project("{FAE04EC0-301F-11D3-BF4B-00C04F79EFBC}") = "Strumienie", "Strumienie\Strumienie.csproj", "{308A934E-E9A2-4E45-A019-F3F95315392C}"
EndProject
Project("{FAE04EC0-301F-11D3-BF4B-00C04F79EFBC}") = "Wyjatki", "Wyjatki\Wyjatki.csproj", "{531722C3-9A25-4442-9395-5B4DD061EF2A}"
EndProject
Project("{FAE04EC0-301F-11D3-BF4B-00C04F79EFBC}") = "PlikiFoldery", "PlikiFoldery\PlikiFoldery.csproj", "{CC12D69E-4E31-40AF-8F87-F7F8D2ACB171}"
EndProject
Global
	GlobalSection(SolutionConfigurationPlatforms) = preSolution
		Debug|Any CPU = Debug|Any CPU
		Release|Any CPU = Release|Any CPU
	EndGlobalSection
	GlobalSection(ProjectConfigurationPlatforms) = postSolution
		{DFDA2EAB-B42D-4C3B-B116-96E768EFB124}.Debug|Any CPU.ActiveCfg = Debug|Any CPU
		{DFDA2EAB-B42D-4C3B-B116-96E768EFB124}.Debug|Any CPU.Build.0 = Debug|Any CPU
		{DFDA2EAB-B42D-4C3B-B116-96E768EFB124}.Release|Any CPU.ActiveCfg = Release|Any CPU
		{DFDA2EAB-B42D-4C3B-B116-96E768EFB124}.Release|Any CPU.Build.0 = Release|Any CPU
		{308A934E-E9A2-4E45-A019-F3F95315392C}.Debug|Any CPU.ActiveCfg = Debug|Any CPU
		{308A934E-E9A2-4E45-A019-F3F95315392C}.Debug|Any CPU.Build.0 = Debug|Any CPU
		{308A934E-E9A2-4E45-A019-F3F95315392C}.Release|Any CPU.ActiveCfg = Release|Any CPU
		{308A934E-E9A2-4E45-A019-F3F95315392C}.Release|Any CPU.Build.0 = Release|Any CPU
		{531722C3-9A25-4442-9395-5B4DD061EF2A}.Debug|Any CPU.ActiveCfg = Debug|Any CPU
		{531722C3-9A25-4442-9395-5B4DD061EF2A}.Debug|Any CPU.Build.0 = Debug|Any CPU
		{531722C3-9A25-4442-9395-5B4DD061EF2A}.Release|Any CPU.ActiveCfg = Release|Any CPU
		{531722C3-9A25-4442-9395-5B4DD061EF2A}.Release|Any CPU.Build.0 = Release|Any CPU
		{CC12D69E-4E31-40AF-8F87-F7F8D2ACB171}.Debug|Any CPU.ActiveCfg = Debug|Any CPU
		{CC12D69E-4E31-40AF-8F87-F7F8D2ACB171}.Debug|Any CPU.Build.0 = Debug|Any CPU
		{CC12D69E-4E31-40AF-8F87-F7F8D2ACB171}.Release|Any CPU.ActiveCfg = Release|Any CPU
		{CC12D69E-4E31-40AF-8F87-F7F8D2ACB171}.Release|Any CPU.Build.0 = Release|Any CPU
	EndGlobalSection
	GlobalSection(SolutionProperties) = preSolution
		HideSolutionNode = FALSE
	EndGlobalSection
	GlobalSection(ExtensibilityGlobals) = postSolution
		SolutionGuid = {49B53A5A-A0FA-4E51-B854-11B93B6E0D9A}
	EndGlobalSection
EndGlobal
